
Microsoft Visual Studio Solution File, Format Version 12.00
# Visual Studio Version 17
VisualStudioVersion = 17.1.32407.343
MinimumVisualStudioVersion = 10.0.40219.1
Project("{9A19103F-16F7-4668-BE54-9A1E7A4F7556}") = "Nager.FirewallManagement", "Nager.FirewallManagement\Nager.FirewallManagement.csproj", "{BB5F56B2-33C5-4794-88A9-66E5EA6806C3}"
EndProject
Global
	GlobalSection(SolutionConfigurationPlatforms) = preSolution
		Debug|Any CPU = Debug|Any CPU
		Release|Any CPU = Release|Any CPU
	EndGlobalSection
	GlobalSection(ProjectConfigurationPlatforms) = postSolution
		{BB5F56B2-33C5-4794-88A9-66E5EA6806C3}.Debug|Any CPU.ActiveCfg = Debug|Any CPU
		{BB5F56B2-33C5-4794-88A9-66E5EA6806C3}.Debug|Any CPU.Build.0 = Debug|Any CPU
		{BB5F56B2-33C5-4794-88A9-66E5EA6806C3}.Release|Any CPU.ActiveCfg = Release|Any CPU
		{BB5F56B2-33C5-4794-88A9-66E5EA6806C3}.Release|Any CPU.Build.0 = Release|Any CPU
	EndGlobalSection
	GlobalSection(SolutionProperties) = preSolution
		HideSolutionNode = FALSE
	EndGlobalSection
	GlobalSection(ExtensibilityGlobals) = postSolution
		SolutionGuid = {F19CB709-B685-4B50-8C18-99B3438F8986}
	EndGlobalSection
EndGlobal
