
Microsoft Visual Studio Solution File, Format Version 12.00
# Visual Studio Version 16
VisualStudioVersion = 16.0.29411.108
MinimumVisualStudioVersion = 10.0.40219.1
Project("{FAE04EC0-301F-11D3-BF4B-00C04F79EFBC}") = "Nager.FirewallManagement", "Nager.FirewallManagement\Nager.FirewallManagement.csproj", "{3F0474E3-D521-47A3-B1A7-B1959D49FC0D}"
EndProject
Global
	GlobalSection(SolutionConfigurationPlatforms) = preSolution
		Debug|Any CPU = Debug|Any CPU
		Release|Any CPU = Release|Any CPU
	EndGlobalSection
	GlobalSection(ProjectConfigurationPlatforms) = postSolution
		{3F0474E3-D521-47A3-B1A7-B1959D49FC0D}.Debug|Any CPU.ActiveCfg = Debug|Any CPU
		{3F0474E3-D521-47A3-B1A7-B1959D49FC0D}.Debug|Any CPU.Build.0 = Debug|Any CPU
		{3F0474E3-D521-47A3-B1A7-B1959D49FC0D}.Release|Any CPU.ActiveCfg = Release|Any CPU
		{3F0474E3-D521-47A3-B1A7-B1959D49FC0D}.Release|Any CPU.Build.0 = Release|Any CPU
	EndGlobalSection
	GlobalSection(SolutionProperties) = preSolution
		HideSolutionNode = FALSE
	EndGlobalSection
	GlobalSection(ExtensibilityGlobals) = postSolution
		SolutionGuid = {F19CB709-B685-4B50-8C18-99B3438F8986}
	EndGlobalSection
EndGlobal
